
Microsoft Visual Studio Solution File, Format Version 12.00
Project("{FAE04EC0-301F-11D3-BF4B-00C04F79EFBC}") = "EmployeeJobTitle", "EmployeeJobTitle\EmployeeJobTitle.csproj", "{2DD81374-7D75-436E-90E9-8B1535664D80}"
EndProject
Project("{FAE04EC0-301F-11D3-BF4B-00C04F79EFBC}") = "EmployeeJobTitleLibrary", "EmployeeJobTitleLibrary\EmployeeJobTitleLibrary.csproj", "{D2117E00-1A1E-4FCE-A749-239C7D16D36D}"
EndProject
Global
	GlobalSection(SolutionConfigurationPlatforms) = preSolution
		Debug|Any CPU = Debug|Any CPU
		Release|Any CPU = Release|Any CPU
	EndGlobalSection
	GlobalSection(ProjectConfigurationPlatforms) = postSolution
		{2DD81374-7D75-436E-90E9-8B1535664D80}.Debug|Any CPU.ActiveCfg = Debug|Any CPU
		{2DD81374-7D75-436E-90E9-8B1535664D80}.Debug|Any CPU.Build.0 = Debug|Any CPU
		{2DD81374-7D75-436E-90E9-8B1535664D80}.Release|Any CPU.ActiveCfg = Release|Any CPU
		{2DD81374-7D75-436E-90E9-8B1535664D80}.Release|Any CPU.Build.0 = Release|Any CPU
		{D2117E00-1A1E-4FCE-A749-239C7D16D36D}.Debug|Any CPU.ActiveCfg = Debug|Any CPU
		{D2117E00-1A1E-4FCE-A749-239C7D16D36D}.Debug|Any CPU.Build.0 = Debug|Any CPU
		{D2117E00-1A1E-4FCE-A749-239C7D16D36D}.Release|Any CPU.ActiveCfg = Release|Any CPU
		{D2117E00-1A1E-4FCE-A749-239C7D16D36D}.Release|Any CPU.Build.0 = Release|Any CPU
	EndGlobalSection
EndGlobal
